
Microsoft Visual Studio Solution File, Format Version 12.00
# Visual Studio Version 16
VisualStudioVersion = 16.0.30330.147
MinimumVisualStudioVersion = 10.0.40219.1
Project("{FAE04EC0-301F-11D3-BF4B-00C04F79EFBC}") = "ParserDocx", "ParserDocx.csproj", "{12C28456-7095-4986-A684-2532B6DC05CE}"
EndProject
Global
	GlobalSection(SolutionConfigurationPlatforms) = preSolution
		Debug|Any CPU = Debug|Any CPU
		Release|Any CPU = Release|Any CPU
	EndGlobalSection
	GlobalSection(ProjectConfigurationPlatforms) = postSolution
		{12C28456-7095-4986-A684-2532B6DC05CE}.Debug|Any CPU.ActiveCfg = Debug|Any CPU
		{12C28456-7095-4986-A684-2532B6DC05CE}.Debug|Any CPU.Build.0 = Debug|Any CPU
		{12C28456-7095-4986-A684-2532B6DC05CE}.Release|Any CPU.ActiveCfg = Release|Any CPU
		{12C28456-7095-4986-A684-2532B6DC05CE}.Release|Any CPU.Build.0 = Release|Any CPU
	EndGlobalSection
	GlobalSection(SolutionProperties) = preSolution
		HideSolutionNode = FALSE
	EndGlobalSection
	GlobalSection(ExtensibilityGlobals) = postSolution
		SolutionGuid = {2C3A2287-AFF5-420F-BC3F-C36B2A372C10}
	EndGlobalSection
EndGlobal
